
Microsoft Visual Studio Solution File, Format Version 12.00
# Visual Studio Version 17
VisualStudioVersion = 17.4.33213.308
MinimumVisualStudioVersion = 10.0.40219.1
Project("{FAE04EC0-301F-11D3-BF4B-00C04F79EFBC}") = "CapenexisLearners2022", "CapenexisLearners2022\CapenexisLearners2022.csproj", "{C0E9B4EB-BF47-459A-93E5-527DE43003F0}"
EndProject
Global
	GlobalSection(SolutionConfigurationPlatforms) = preSolution
		Debug|Any CPU = Debug|Any CPU
		Release|Any CPU = Release|Any CPU
	EndGlobalSection
	GlobalSection(ProjectConfigurationPlatforms) = postSolution
		{C0E9B4EB-BF47-459A-93E5-527DE43003F0}.Debug|Any CPU.ActiveCfg = Debug|Any CPU
		{C0E9B4EB-BF47-459A-93E5-527DE43003F0}.Debug|Any CPU.Build.0 = Debug|Any CPU
		{C0E9B4EB-BF47-459A-93E5-527DE43003F0}.Release|Any CPU.ActiveCfg = Release|Any CPU
		{C0E9B4EB-BF47-459A-93E5-527DE43003F0}.Release|Any CPU.Build.0 = Release|Any CPU
	EndGlobalSection
	GlobalSection(SolutionProperties) = preSolution
		HideSolutionNode = FALSE
	EndGlobalSection
	GlobalSection(ExtensibilityGlobals) = postSolution
		SolutionGuid = {DCFCFE30-2AEA-4A69-B4EC-2A1C6FC42268}
	EndGlobalSection
EndGlobal
